
Microsoft Visual Studio Solution File, Format Version 12.00
# Visual Studio Version 17
VisualStudioVersion = 17.14.36717.8
MinimumVisualStudioVersion = 10.0.40219.1
Project("{FAE04EC0-301F-11D3-BF4B-00C04F79EFBC}") = "IoTDeploy", "IoTDeploy\IoTDeploy.csproj", "{FE91FC99-457A-4AA3-A40D-12AE9B68C9F9}"
EndProject
Project("{FAE04EC0-301F-11D3-BF4B-00C04F79EFBC}") = "IoTDeployUI", "IoTDeployUI\IoTDeployUI.csproj", "{5B5F113B-C259-4DAE-99D7-3814F2812D08}"
EndProject
Global
	GlobalSection(SolutionConfigurationPlatforms) = preSolution
		Debug|Any CPU = Debug|Any CPU
		Release|Any CPU = Release|Any CPU
	EndGlobalSection
	GlobalSection(ProjectConfigurationPlatforms) = postSolution
		{FE91FC99-457A-4AA3-A40D-12AE9B68C9F9}.Debug|Any CPU.ActiveCfg = Debug|Any CPU
		{FE91FC99-457A-4AA3-A40D-12AE9B68C9F9}.Debug|Any CPU.Build.0 = Debug|Any CPU
		{FE91FC99-457A-4AA3-A40D-12AE9B68C9F9}.Release|Any CPU.ActiveCfg = Release|Any CPU
		{FE91FC99-457A-4AA3-A40D-12AE9B68C9F9}.Release|Any CPU.Build.0 = Release|Any CPU
		{5B5F113B-C259-4DAE-99D7-3814F2812D08}.Debug|Any CPU.ActiveCfg = Debug|Any CPU
		{5B5F113B-C259-4DAE-99D7-3814F2812D08}.Debug|Any CPU.Build.0 = Debug|Any CPU
		{5B5F113B-C259-4DAE-99D7-3814F2812D08}.Release|Any CPU.ActiveCfg = Release|Any CPU
		{5B5F113B-C259-4DAE-99D7-3814F2812D08}.Release|Any CPU.Build.0 = Release|Any CPU
	EndGlobalSection
	GlobalSection(SolutionProperties) = preSolution
		HideSolutionNode = FALSE
	EndGlobalSection
	GlobalSection(ExtensibilityGlobals) = postSolution
		SolutionGuid = {1075FEC1-0311-4CB6-A816-936894B205EF}
	EndGlobalSection
EndGlobal
